
Microsoft Visual Studio Solution File, Format Version 12.00
# Visual Studio 15
VisualStudioVersion = 15.0.28010.2016
MinimumVisualStudioVersion = 10.0.40219.1
Project("{FAE04EC0-301F-11D3-BF4B-00C04F79EFBC}") = "WebApi", "WebApi\WebApi.csproj", "{356A23D1-41F7-4A86-B429-340B9FEB347F}"
EndProject
Project("{FAE04EC0-301F-11D3-BF4B-00C04F79EFBC}") = "Entidades", "Entidades\Entidades.csproj", "{866F640A-ECC7-46E4-81E1-D388D2F177F6}"
EndProject
Project("{FAE04EC0-301F-11D3-BF4B-00C04F79EFBC}") = "Negocio", "Negocio\Negocio.csproj", "{25A45C4F-9ED5-4F70-8762-56A9181D5084}"
EndProject
Global
	GlobalSection(SolutionConfigurationPlatforms) = preSolution
		Debug|Any CPU = Debug|Any CPU
		Release|Any CPU = Release|Any CPU
	EndGlobalSection
	GlobalSection(ProjectConfigurationPlatforms) = postSolution
		{356A23D1-41F7-4A86-B429-340B9FEB347F}.Debug|Any CPU.ActiveCfg = Debug|Any CPU
		{356A23D1-41F7-4A86-B429-340B9FEB347F}.Debug|Any CPU.Build.0 = Debug|Any CPU
		{356A23D1-41F7-4A86-B429-340B9FEB347F}.Release|Any CPU.ActiveCfg = Release|Any CPU
		{356A23D1-41F7-4A86-B429-340B9FEB347F}.Release|Any CPU.Build.0 = Release|Any CPU
		{866F640A-ECC7-46E4-81E1-D388D2F177F6}.Debug|Any CPU.ActiveCfg = Debug|Any CPU
		{866F640A-ECC7-46E4-81E1-D388D2F177F6}.Debug|Any CPU.Build.0 = Debug|Any CPU
		{866F640A-ECC7-46E4-81E1-D388D2F177F6}.Release|Any CPU.ActiveCfg = Release|Any CPU
		{866F640A-ECC7-46E4-81E1-D388D2F177F6}.Release|Any CPU.Build.0 = Release|Any CPU
		{25A45C4F-9ED5-4F70-8762-56A9181D5084}.Debug|Any CPU.ActiveCfg = Debug|Any CPU
		{25A45C4F-9ED5-4F70-8762-56A9181D5084}.Debug|Any CPU.Build.0 = Debug|Any CPU
		{25A45C4F-9ED5-4F70-8762-56A9181D5084}.Release|Any CPU.ActiveCfg = Release|Any CPU
		{25A45C4F-9ED5-4F70-8762-56A9181D5084}.Release|Any CPU.Build.0 = Release|Any CPU
	EndGlobalSection
	GlobalSection(SolutionProperties) = preSolution
		HideSolutionNode = FALSE
	EndGlobalSection
	GlobalSection(ExtensibilityGlobals) = postSolution
		SolutionGuid = {7D5D8F1A-96F5-474D-9C16-52372FFC1F63}
	EndGlobalSection
EndGlobal
